
Microsoft Visual Studio Solution File, Format Version 12.00
# Visual Studio Version 17
VisualStudioVersion = 17.2.32505.173
MinimumVisualStudioVersion = 10.0.40219.1
Project("{FAE04EC0-301F-11D3-BF4B-00C04F79EFBC}") = "Ex7", "Ex7\Ex7.csproj", "{801EFF3D-8D4D-4BA3-8641-9B031AE26E16}"
EndProject
Global
	GlobalSection(SolutionConfigurationPlatforms) = preSolution
		Debug|Any CPU = Debug|Any CPU
		Release|Any CPU = Release|Any CPU
	EndGlobalSection
	GlobalSection(ProjectConfigurationPlatforms) = postSolution
		{801EFF3D-8D4D-4BA3-8641-9B031AE26E16}.Debug|Any CPU.ActiveCfg = Debug|Any CPU
		{801EFF3D-8D4D-4BA3-8641-9B031AE26E16}.Debug|Any CPU.Build.0 = Debug|Any CPU
		{801EFF3D-8D4D-4BA3-8641-9B031AE26E16}.Release|Any CPU.ActiveCfg = Release|Any CPU
		{801EFF3D-8D4D-4BA3-8641-9B031AE26E16}.Release|Any CPU.Build.0 = Release|Any CPU
	EndGlobalSection
	GlobalSection(SolutionProperties) = preSolution
		HideSolutionNode = FALSE
	EndGlobalSection
	GlobalSection(ExtensibilityGlobals) = postSolution
		SolutionGuid = {56ECDA65-FF38-4572-899F-5ADD2E22F871}
	EndGlobalSection
EndGlobal
